<?xml version="1.0" encoding="utf-8"?>
<Project ToolsVersion="4.0" xmlns="http://schemas.microsoft.com/developer/msbuild/2003">
  <ItemGroup>
    <Filter Include="ソース ファイル">
      <UniqueIdentifier>{4FC737F1-C7A5-4376-A066-2A32D752A2FF}</UniqueIdentifier>
      <Extensions>cpp;c;cc;cxx;def;odl;idl;hpj;bat;asm;asmx</Extensions>
    </Filter>
    <Filter Include="ヘッダー ファイル">
      <UniqueIdentifier>{93995380-89BD-4b04-88EB-625FBE52EBFB}</UniqueIdentifier>
      <Extensions>h;hh;hpp;hxx;hm;inl;inc;ipp;xsd</Extensions>
    </Filter>
    <Filter Include="リソース ファイル">
      <UniqueIdentifier>{67DA6AB6-F800-4c08-8B7A-83BB121AAD01}</UniqueIdentifier>
      <Extensions>rc;ico;cur;bmp;dlg;rc2;rct;bin;rgs;gif;jpg;jpeg;jpe;resx;tiff;tif;png;wav;mfcribbon-ms</Extensions>
    </Filter>
    <Filter Include="ソース ファイル\Scene">
      <UniqueIdentifier>{e8de57c4-c9ce-4f65-a589-80988096fbdd}</UniqueIdentifier>
    </Filter>
    <Filter Include="ソース ファイル\Parts">
      <UniqueIdentifier>{97aef654-a241-4240-b12c-04ea48bc9671}</UniqueIdentifier>
    </Filter>
    <Filter Include="ソース ファイル\Scene\Data">
      <UniqueIdentifier>{be47f5af-941d-4200-bbce-fc9d53bc26e1}</UniqueIdentifier>
    </Filter>
    <Filter Include="ソース ファイル\Scene\Page">
      <UniqueIdentifier>{803d0e13-8aeb-40d4-b019-42ec596ac865}</UniqueIdentifier>
    </Filter>
  </ItemGroup>
  <ItemGroup>
    <ClInclude Include="source\Enums.hpp">
      <Filter>ソース ファイル</Filter>
    </ClInclude>
    <ClInclude Include="source\Header.hpp">
      <Filter>ソース ファイル</Filter>
    </ClInclude>
    <ClInclude Include="source\Scene\MainScene.hpp">
      <Filter>ソース ファイル\Scene</Filter>
    </ClInclude>
    <ClInclude Include="source\Scene\MainSceneLoader.hpp">
      <Filter>ソース ファイル\Scene</Filter>
    </ClInclude>
    <ClInclude Include="source\Parts\WindowParts.hpp">
      <Filter>ソース ファイル\Parts</Filter>
    </ClInclude>
    <ClInclude Include="source\Scene\MainScene\Data\MainScene_Map.hpp">
      <Filter>ソース ファイル\Scene\Data</Filter>
    </ClInclude>
    <ClInclude Include="source\Scene\MainScene\Data\MainScene_Parents.hpp">
      <Filter>ソース ファイル\Scene\Data</Filter>
    </ClInclude>
    <ClInclude Include="source\Scene\MainScene\Data\MainScene_Task.hpp">
      <Filter>ソース ファイル\Scene\Data</Filter>
    </ClInclude>
    <ClInclude Include="source\Scene\MainScene\Data\MainScene_Trader.hpp">
      <Filter>ソース ファイル\Scene\Data</Filter>
    </ClInclude>
    <ClInclude Include="source\Scene\MainScene\Data\MainScene_Item.hpp">
      <Filter>ソース ファイル\Scene\Data</Filter>
    </ClInclude>
    <ClInclude Include="source\Scene\MainScene\Data\MainScene_ItemCategory.hpp">
      <Filter>ソース ファイル\Scene\Data</Filter>
    </ClInclude>
    <ClInclude Include="source\Scene\MainScene\Data\MainScene_ItemType.hpp">
      <Filter>ソース ファイル\Scene\Data</Filter>
    </ClInclude>
    <ClInclude Include="source\Scene\MainScene\Data\MainScene_Enemy.hpp">
      <Filter>ソース ファイル\Scene\Data</Filter>
    </ClInclude>
    <ClInclude Include="source\Scene\MainScene\Page\MainScene_PageParents.hpp">
      <Filter>ソース ファイル\Scene\Page</Filter>
    </ClInclude>
    <ClInclude Include="source\Scene\MainScene\Page\MainScene_PageTask.hpp">
      <Filter>ソース ファイル\Scene\Page</Filter>
    </ClInclude>
    <ClInclude Include="source\Scene\MainScene\Page\MainScene_PageTitle.hpp">
      <Filter>ソース ファイル\Scene\Page</Filter>
    </ClInclude>
    <ClInclude Include="source\Scene\MainScene\Page\MainScene_PageMap.hpp">
      <Filter>ソース ファイル\Scene\Page</Filter>
    </ClInclude>
    <ClInclude Include="source\Scene\MainScene\Page\MainScene_PageHideout.hpp">
      <Filter>ソース ファイル\Scene\Page</Filter>
    </ClInclude>
    <ClInclude Include="source\Scene\MainScene\Page\MainScene_PageItem.hpp">
      <Filter>ソース ファイル\Scene\Page</Filter>
    </ClInclude>
    <ClInclude Include="source\Parts\DrawSystem.hpp">
      <Filter>ソース ファイル\Parts</Filter>
    </ClInclude>
    <ClInclude Include="source\Scene\MainScene\Page\MainScene_PageCustom.hpp">
      <Filter>ソース ファイル\Scene\Page</Filter>
    </ClInclude>
    <ClInclude Include="source\Scene\MainScene\Data\MainScene_Preset.hpp">
      <Filter>ソース ファイル\Scene\Data</Filter>
    </ClInclude>
    <ClInclude Include="source\Parts\PlayerDataParts.hpp">
      <Filter>ソース ファイル\Parts</Filter>
    </ClInclude>
    <ClInclude Include="source\Parts\InterruptParts.hpp">
      <Filter>ソース ファイル\Parts</Filter>
    </ClInclude>
    <ClInclude Include="source\HttpReq.hpp">
      <Filter>ソース ファイル</Filter>
    </ClInclude>
    <ClInclude Include="source\Scene\MainScene\Data\MainScene_hideout.hpp">
      <Filter>ソース ファイル\Scene\Data</Filter>
    </ClInclude>
    <ClInclude Include="source\Scene\MainScene\Page\MainScene_PageItemList.hpp">
      <Filter>ソース ファイル\Scene\Page</Filter>
    </ClInclude>
    <ClInclude Include="source\Scene\MainScene\Page\MainScene_PagePlayerInfo.hpp">
      <Filter>ソース ファイル\Scene\Page</Filter>
    </ClInclude>
    <ClInclude Include="source\Scene\MainScene\Page\MainScene_PageTrader.hpp">
      <Filter>ソース ファイル\Scene\Page</Filter>
    </ClInclude>
    <ClInclude Include="source\Scene\MainScene\Data\MainScene_Common.hpp">
      <Filter>ソース ファイル\Scene\Data</Filter>
    </ClInclude>
    <ClInclude Include="source\Parts\StrControl.hpp">
      <Filter>ソース ファイル\Parts</Filter>
    </ClInclude>
    <ClInclude Include="source\Scene\MainScene\Data\MainScene_Base.hpp">
      <Filter>ソース ファイル\Scene\Data</Filter>
    </ClInclude>
    <ClInclude Include="source\PartsHeader.hpp">
      <Filter>ソース ファイル</Filter>
    </ClInclude>
    <ClInclude Include="source\Parts\EnumParts.hpp">
      <Filter>ソース ファイル\Parts</Filter>
    </ClInclude>
    <ClInclude Include="source\Scene\MainScene\Page\MainScene_PageManager.hpp">
      <Filter>ソース ファイル\Scene\Page</Filter>
    </ClInclude>
  </ItemGroup>
  <ItemGroup>
    <ClCompile Include="source\main.cpp">
      <Filter>ソース ファイル</Filter>
    </ClCompile>
    <ClCompile Include="source\Scene\MainScene\Data\MainScene_Item.cpp">
      <Filter>ソース ファイル\Scene\Data</Filter>
    </ClCompile>
    <ClCompile Include="source\Scene\MainScene\Data\MainScene_hideout.cpp">
      <Filter>ソース ファイル\Scene\Data</Filter>
    </ClCompile>
    <ClCompile Include="source\Scene\MainScene\Data\MainScene_Trader.cpp">
      <Filter>ソース ファイル\Scene\Data</Filter>
    </ClCompile>
    <ClCompile Include="source\Scene\MainScene\Data\MainScene_Parents.cpp">
      <Filter>ソース ファイル\Scene\Data</Filter>
    </ClCompile>
    <ClCompile Include="source\Scene\MainScene\Data\MainScene_Task.cpp">
      <Filter>ソース ファイル\Scene\Data</Filter>
    </ClCompile>
    <ClCompile Include="source\Scene\MainScene\Data\MainScene_Enemy.cpp">
      <Filter>ソース ファイル\Scene\Data</Filter>
    </ClCompile>
    <ClCompile Include="source\Scene\MainScene\Data\MainScene_ItemCategory.cpp">
      <Filter>ソース ファイル\Scene\Data</Filter>
    </ClCompile>
    <ClCompile Include="source\Scene\MainScene\Data\MainScene_ItemType.cpp">
      <Filter>ソース ファイル\Scene\Data</Filter>
    </ClCompile>
    <ClCompile Include="source\Scene\MainScene\Data\MainScene_Map.cpp">
      <Filter>ソース ファイル\Scene\Data</Filter>
    </ClCompile>
    <ClCompile Include="source\Scene\MainScene\Data\MainScene_Preset.cpp">
      <Filter>ソース ファイル\Scene\Data</Filter>
    </ClCompile>
    <ClCompile Include="source\Scene\MainScene\Page\MainScene_PageItemList.cpp">
      <Filter>ソース ファイル\Scene\Page</Filter>
    </ClCompile>
    <ClCompile Include="source\Scene\MainScene\Page\MainScene_PageMap.cpp">
      <Filter>ソース ファイル\Scene\Page</Filter>
    </ClCompile>
    <ClCompile Include="source\Scene\MainScene\Page\MainScene_PageParents.cpp">
      <Filter>ソース ファイル\Scene\Page</Filter>
    </ClCompile>
    <ClCompile Include="source\Scene\MainScene\Page\MainScene_PagePlayerInfo.cpp">
      <Filter>ソース ファイル\Scene\Page</Filter>
    </ClCompile>
    <ClCompile Include="source\Scene\MainScene\Page\MainScene_PageTask.cpp">
      <Filter>ソース ファイル\Scene\Page</Filter>
    </ClCompile>
    <ClCompile Include="source\Scene\MainScene\Page\MainScene_PageTitle.cpp">
      <Filter>ソース ファイル\Scene\Page</Filter>
    </ClCompile>
    <ClCompile Include="source\Scene\MainScene\Page\MainScene_PageTrader.cpp">
      <Filter>ソース ファイル\Scene\Page</Filter>
    </ClCompile>
    <ClCompile Include="source\Scene\MainScene\Page\MainScene_PageCustom.cpp">
      <Filter>ソース ファイル\Scene\Page</Filter>
    </ClCompile>
    <ClCompile Include="source\Scene\MainScene\Page\MainScene_PageHideout.cpp">
      <Filter>ソース ファイル\Scene\Page</Filter>
    </ClCompile>
    <ClCompile Include="source\Scene\MainScene\Page\MainScene_PageItem.cpp">
      <Filter>ソース ファイル\Scene\Page</Filter>
    </ClCompile>
    <ClCompile Include="source\Parts\DrawSystem.cpp">
      <Filter>ソース ファイル\Parts</Filter>
    </ClCompile>
    <ClCompile Include="source\Parts\InterruptParts.cpp">
      <Filter>ソース ファイル\Parts</Filter>
    </ClCompile>
    <ClCompile Include="source\Parts\PlayerDataParts.cpp">
      <Filter>ソース ファイル\Parts</Filter>
    </ClCompile>
    <ClCompile Include="source\Parts\StrControl.cpp">
      <Filter>ソース ファイル\Parts</Filter>
    </ClCompile>
    <ClCompile Include="source\Parts\WindowParts.cpp">
      <Filter>ソース ファイル\Parts</Filter>
    </ClCompile>
    <ClCompile Include="source\Scene\MainScene\Data\MainScene_Base.cpp">
      <Filter>ソース ファイル\Scene\Data</Filter>
    </ClCompile>
    <ClCompile Include="source\Scene\MainSceneLoader.cpp">
      <Filter>ソース ファイル\Scene</Filter>
    </ClCompile>
    <ClCompile Include="source\Scene\MainScene.cpp">
      <Filter>ソース ファイル\Scene</Filter>
    </ClCompile>
    <ClCompile Include="source\Parts\EnumParts.cpp">
      <Filter>ソース ファイル\Parts</Filter>
    </ClCompile>
    <ClCompile Include="source\Scene\MainScene\Page\MainScene_PageManager.cpp">
      <Filter>ソース ファイル\Scene\Page</Filter>
    </ClCompile>
  </ItemGroup>
</Project>